
Microsoft Visual Studio Solution File, Format Version 12.00
# Visual Studio 15
VisualStudioVersion = 15.0.26730.16
MinimumVisualStudioVersion = 10.0.40219.1
Project("{2150E333-8FDC-42A3-9474-1A3956D46DE8}") = "Solution Items", "Solution Items", "{6A7CD313-D139-4442-8D75-28D412CE81AC}"
EndProject
Project("{00D1A9C2-B5F0-4AF3-8072-F6C62B433612}") = "TaskManager.Database", "TaskManager.Database\TaskManager.Database.sqlproj", "{5182054F-247F-401A-8DED-0B32A367C234}"
EndProject
Project("{9A19103F-16F7-4668-BE54-9A1E7A4F7556}") = "TaskManager.Api", "TaskManager.Api\TaskManager.Api.csproj", "{1A4678D5-5EDE-446F-BA78-8BEAABFBDF5C}"
EndProject
Project("{9A19103F-16F7-4668-BE54-9A1E7A4F7556}") = "TaskManager.Core", "TaskManager.Core\TaskManager.Core.csproj", "{D2637DF7-01C8-491B-AEA7-233E44DC397B}"
EndProject
Project("{9A19103F-16F7-4668-BE54-9A1E7A4F7556}") = "TaskManager.Client", "TaskManager.Client\TaskManager.Client.csproj", "{8270B23B-DD74-4FE3-A739-FDAD2D32CB41}"
EndProject
Global
	GlobalSection(SolutionConfigurationPlatforms) = preSolution
		Debug|Any CPU = Debug|Any CPU
		Release|Any CPU = Release|Any CPU
	EndGlobalSection
	GlobalSection(ProjectConfigurationPlatforms) = postSolution
		{5182054F-247F-401A-8DED-0B32A367C234}.Debug|Any CPU.ActiveCfg = Debug|Any CPU
		{5182054F-247F-401A-8DED-0B32A367C234}.Debug|Any CPU.Build.0 = Debug|Any CPU
		{5182054F-247F-401A-8DED-0B32A367C234}.Debug|Any CPU.Deploy.0 = Debug|Any CPU
		{5182054F-247F-401A-8DED-0B32A367C234}.Release|Any CPU.ActiveCfg = Release|Any CPU
		{5182054F-247F-401A-8DED-0B32A367C234}.Release|Any CPU.Build.0 = Release|Any CPU
		{5182054F-247F-401A-8DED-0B32A367C234}.Release|Any CPU.Deploy.0 = Release|Any CPU
		{1A4678D5-5EDE-446F-BA78-8BEAABFBDF5C}.Debug|Any CPU.ActiveCfg = Debug|Any CPU
		{1A4678D5-5EDE-446F-BA78-8BEAABFBDF5C}.Debug|Any CPU.Build.0 = Debug|Any CPU
		{1A4678D5-5EDE-446F-BA78-8BEAABFBDF5C}.Release|Any CPU.ActiveCfg = Release|Any CPU
		{1A4678D5-5EDE-446F-BA78-8BEAABFBDF5C}.Release|Any CPU.Build.0 = Release|Any CPU
		{D2637DF7-01C8-491B-AEA7-233E44DC397B}.Debug|Any CPU.ActiveCfg = Debug|Any CPU
		{D2637DF7-01C8-491B-AEA7-233E44DC397B}.Debug|Any CPU.Build.0 = Debug|Any CPU
		{D2637DF7-01C8-491B-AEA7-233E44DC397B}.Release|Any CPU.ActiveCfg = Release|Any CPU
		{D2637DF7-01C8-491B-AEA7-233E44DC397B}.Release|Any CPU.Build.0 = Release|Any CPU
		{8270B23B-DD74-4FE3-A739-FDAD2D32CB41}.Debug|Any CPU.ActiveCfg = Debug|Any CPU
		{8270B23B-DD74-4FE3-A739-FDAD2D32CB41}.Debug|Any CPU.Build.0 = Debug|Any CPU
		{8270B23B-DD74-4FE3-A739-FDAD2D32CB41}.Release|Any CPU.ActiveCfg = Release|Any CPU
		{8270B23B-DD74-4FE3-A739-FDAD2D32CB41}.Release|Any CPU.Build.0 = Release|Any CPU
	EndGlobalSection
	GlobalSection(SolutionProperties) = preSolution
		HideSolutionNode = FALSE
	EndGlobalSection
	GlobalSection(ExtensibilityGlobals) = postSolution
		SolutionGuid = {742E2470-B64A-47EA-B9B6-71912AC6A5E1}
	EndGlobalSection
EndGlobal
