
Microsoft Visual Studio Solution File, Format Version 12.00
# Visual Studio 14
VisualStudioVersion = 14.0.25420.1
MinimumVisualStudioVersion = 10.0.40219.1
Project("{FAE04EC0-301F-11D3-BF4B-00C04F79EFBC}") = "TaskManager.Api", "TaskManager.Api\TaskManager.Api.csproj", "{8D75078E-A808-4817-B278-6AD3DFB984BA}"
EndProject
Project("{FAE04EC0-301F-11D3-BF4B-00C04F79EFBC}") = "TaskManager.Host", "TaskManager.Host\TaskManager.Host.csproj", "{CBF91FE4-4039-4699-9363-38583CC001D4}"
EndProject
Project("{FAE04EC0-301F-11D3-BF4B-00C04F79EFBC}") = "TaskManager.Client", "TaskManager.Client\TaskManager.Client.csproj", "{F7A57CC7-EABB-411F-98B8-E0F588F77F56}"
EndProject
Project("{FAE04EC0-301F-11D3-BF4B-00C04F79EFBC}") = "TaskManager.Tests", "TaskManager.Tests\TaskManager.Tests.csproj", "{0B7A48C2-C396-46D6-8B48-039ABE535BCF}"
EndProject
Project("{2150E333-8FDC-42A3-9474-1A3956D46DE8}") = "Solution Items", "Solution Items", "{6A7CD313-D139-4442-8D75-28D412CE81AC}"
EndProject
Project("{00D1A9C2-B5F0-4AF3-8072-F6C62B433612}") = "TaskManager.Database", "TaskManager.Database\TaskManager.Database.sqlproj", "{5182054F-247F-401A-8DED-0B32A367C234}"
EndProject
Project("{8BB2217D-0F2D-49D1-97BC-3654ED321F3B}") = "TaskManager.Core.Api", "TaskManager.Core.Api\TaskManager.Core.Api.xproj", "{D7673108-6124-42E5-8EEC-BEFFBA976429}"
EndProject
Global
	GlobalSection(SolutionConfigurationPlatforms) = preSolution
		Debug|Any CPU = Debug|Any CPU
		Release|Any CPU = Release|Any CPU
	EndGlobalSection
	GlobalSection(ProjectConfigurationPlatforms) = postSolution
		{8D75078E-A808-4817-B278-6AD3DFB984BA}.Debug|Any CPU.ActiveCfg = Debug|Any CPU
		{8D75078E-A808-4817-B278-6AD3DFB984BA}.Debug|Any CPU.Build.0 = Debug|Any CPU
		{8D75078E-A808-4817-B278-6AD3DFB984BA}.Release|Any CPU.ActiveCfg = Release|Any CPU
		{8D75078E-A808-4817-B278-6AD3DFB984BA}.Release|Any CPU.Build.0 = Release|Any CPU
		{CBF91FE4-4039-4699-9363-38583CC001D4}.Debug|Any CPU.ActiveCfg = Debug|Any CPU
		{CBF91FE4-4039-4699-9363-38583CC001D4}.Debug|Any CPU.Build.0 = Debug|Any CPU
		{CBF91FE4-4039-4699-9363-38583CC001D4}.Release|Any CPU.ActiveCfg = Release|Any CPU
		{CBF91FE4-4039-4699-9363-38583CC001D4}.Release|Any CPU.Build.0 = Release|Any CPU
		{F7A57CC7-EABB-411F-98B8-E0F588F77F56}.Debug|Any CPU.ActiveCfg = Debug|Any CPU
		{F7A57CC7-EABB-411F-98B8-E0F588F77F56}.Debug|Any CPU.Build.0 = Debug|Any CPU
		{F7A57CC7-EABB-411F-98B8-E0F588F77F56}.Release|Any CPU.ActiveCfg = Release|Any CPU
		{F7A57CC7-EABB-411F-98B8-E0F588F77F56}.Release|Any CPU.Build.0 = Release|Any CPU
		{0B7A48C2-C396-46D6-8B48-039ABE535BCF}.Debug|Any CPU.ActiveCfg = Debug|Any CPU
		{0B7A48C2-C396-46D6-8B48-039ABE535BCF}.Debug|Any CPU.Build.0 = Debug|Any CPU
		{0B7A48C2-C396-46D6-8B48-039ABE535BCF}.Release|Any CPU.ActiveCfg = Release|Any CPU
		{0B7A48C2-C396-46D6-8B48-039ABE535BCF}.Release|Any CPU.Build.0 = Release|Any CPU
		{5182054F-247F-401A-8DED-0B32A367C234}.Debug|Any CPU.ActiveCfg = Debug|Any CPU
		{5182054F-247F-401A-8DED-0B32A367C234}.Debug|Any CPU.Build.0 = Debug|Any CPU
		{5182054F-247F-401A-8DED-0B32A367C234}.Debug|Any CPU.Deploy.0 = Debug|Any CPU
		{5182054F-247F-401A-8DED-0B32A367C234}.Release|Any CPU.ActiveCfg = Release|Any CPU
		{5182054F-247F-401A-8DED-0B32A367C234}.Release|Any CPU.Build.0 = Release|Any CPU
		{5182054F-247F-401A-8DED-0B32A367C234}.Release|Any CPU.Deploy.0 = Release|Any CPU
		{D7673108-6124-42E5-8EEC-BEFFBA976429}.Debug|Any CPU.ActiveCfg = Debug|Any CPU
		{D7673108-6124-42E5-8EEC-BEFFBA976429}.Debug|Any CPU.Build.0 = Debug|Any CPU
		{D7673108-6124-42E5-8EEC-BEFFBA976429}.Release|Any CPU.ActiveCfg = Release|Any CPU
		{D7673108-6124-42E5-8EEC-BEFFBA976429}.Release|Any CPU.Build.0 = Release|Any CPU
	EndGlobalSection
	GlobalSection(SolutionProperties) = preSolution
		HideSolutionNode = FALSE
	EndGlobalSection
EndGlobal
